
Microsoft Visual Studio Solution File, Format Version 12.00
# Visual Studio 15
VisualStudioVersion = 15.0.27703.2042
MinimumVisualStudioVersion = 10.0.40219.1
Project("{FAE04EC0-301F-11D3-BF4B-00C04F79EFBC}") = "AngularAPI", "AngularAPI\AngularAPI.csproj", "{7D5E126C-2FA8-439B-ADA9-0EEDC7F18C91}"
EndProject
Global
	GlobalSection(SolutionConfigurationPlatforms) = preSolution
		Debug|Any CPU = Debug|Any CPU
		Release|Any CPU = Release|Any CPU
	EndGlobalSection
	GlobalSection(ProjectConfigurationPlatforms) = postSolution
		{7D5E126C-2FA8-439B-ADA9-0EEDC7F18C91}.Debug|Any CPU.ActiveCfg = Debug|Any CPU
		{7D5E126C-2FA8-439B-ADA9-0EEDC7F18C91}.Debug|Any CPU.Build.0 = Debug|Any CPU
		{7D5E126C-2FA8-439B-ADA9-0EEDC7F18C91}.Release|Any CPU.ActiveCfg = Release|Any CPU
		{7D5E126C-2FA8-439B-ADA9-0EEDC7F18C91}.Release|Any CPU.Build.0 = Release|Any CPU
	EndGlobalSection
	GlobalSection(SolutionProperties) = preSolution
		HideSolutionNode = FALSE
	EndGlobalSection
	GlobalSection(ExtensibilityGlobals) = postSolution
		SolutionGuid = {9E1E63AD-D4D3-47C1-AF55-7C2E3B725C1D}
	EndGlobalSection
EndGlobal
